{
  "nodes": {
    "nixpkgs": {
      "locked": {
        "lastModified": 1755251853,
        "narHash": "sha256-RJhMXWCZYtZFMEyI4ShKg2CUh8NLm4vdUqhRH3xnVWc=",
        "owner": "NixOS",
        "repo": "nixpkgs",
        "rev": "a84974c34e708e8eecdbacb06acf261f6a96c88a",
        "type": "github"
      },
      "original": {
        "owner": "NixOS",
        "repo": "nixpkgs",
        "type": "github"
      }
    },
    "root": {
      "inputs": {
        "nixpkgs": "nixpkgs"
      }
    }
  },
  "root": "root",
  "version": 7
}
