{
  "nodes": {
    "nixpkgs": {
      "locked": {
        "lastModified": 1764822340,
        "narHash": "sha256-MH9/NkVHI+BIbS/VRIUY1EqsUL2vt84Jn5MTumhh41U=",
        "owner": "NixOS",
        "repo": "nixpkgs",
        "rev": "0373ba11bf88bc7feda55b3e7dfe0d84046b2dfd",
        "type": "github"
      },
      "original": {
        "owner": "NixOS",
        "repo": "nixpkgs",
        "type": "github"
      }
    },
    "root": {
      "inputs": {
        "nixpkgs": "nixpkgs"
      }
    }
  },
  "root": "root",
  "version": 7
}
