{
  "nodes": {
    "nixpkgs": {
      "locked": {
        "lastModified": 1780274032,
        "narHash": "sha256-T61OlILAALRSsu2EPh3dkaSDhiySLREixYePEcZnspI=",
        "owner": "NixOS",
        "repo": "nixpkgs",
        "rev": "501880c9da4faa2006e9b6de9ab6a0c9ef1bb728",
        "type": "github"
      },
      "original": {
        "owner": "NixOS",
        "repo": "nixpkgs",
        "type": "github"
      }
    },
    "root": {
      "inputs": {
        "nixpkgs": "nixpkgs"
      }
    }
  },
  "root": "root",
  "version": 7
}
